
Microsoft Visual Studio Solution File, Format Version 12.00
# Visual Studio 15
VisualStudioVersion = 15.0.28307.705
MinimumVisualStudioVersion = 10.0.40219.1
Project("{8BC9CEB8-8B4A-11D0-8D11-00A0C91BC942}") = "TPFanControl", "TPFanControl\TPFanControl.vcxproj", "{45F7E4D3-AF42-4594-80E1-099D3FCE3F37}"
EndProject
Global
	GlobalSection(SolutionConfigurationPlatforms) = preSolution
		Debug|Win32 = Debug|Win32
		Release|Win32 = Release|Win32
	EndGlobalSection
	GlobalSection(ProjectConfigurationPlatforms) = postSolution
		{45F7E4D3-AF42-4594-80E1-099D3FCE3F37}.Debug|Win32.ActiveCfg = Debug|Win32
		{45F7E4D3-AF42-4594-80E1-099D3FCE3F37}.Debug|Win32.Build.0 = Debug|Win32
		{45F7E4D3-AF42-4594-80E1-099D3FCE3F37}.Release|Win32.ActiveCfg = Release|Win32
		{45F7E4D3-AF42-4594-80E1-099D3FCE3F37}.Release|Win32.Build.0 = Release|Win32
	EndGlobalSection
	GlobalSection(SolutionProperties) = preSolution
		HideSolutionNode = FALSE
	EndGlobalSection
	GlobalSection(ExtensibilityGlobals) = postSolution
		SolutionGuid = {E06C14E1-7748-4421-A4AB-254D02405EA3}
	EndGlobalSection
EndGlobal
