<?xml version="1.0" encoding="utf-8"?>
<Project ToolsVersion="4.0" xmlns="http://schemas.microsoft.com/developer/msbuild/2003">
  <ItemGroup>
    <Filter Include="Source Files">
      <UniqueIdentifier>{fa787e5b-1f21-4a2b-a4a3-86fe29d87d9e}</UniqueIdentifier>
      <Extensions>cpp;c;cxx;rc;def;r;odl;idl;hpj;bat</Extensions>
    </Filter>
    <Filter Include="Header Files">
      <UniqueIdentifier>{19929464-194b-4363-a52e-e7867d3d02fb}</UniqueIdentifier>
      <Extensions>h;hpp;hxx;hm;inl</Extensions>
    </Filter>
    <Filter Include="Resource Files">
      <UniqueIdentifier>{186209df-d882-42c4-8dd4-333fb13bf910}</UniqueIdentifier>
      <Extensions>ico;cur;bmp;dlg;rc2;rct;bin;rgs;gif;jpg;jpeg;jpe</Extensions>
    </Filter>
  </ItemGroup>
  <ItemGroup>
    <ClCompile Include="src\_prec.cpp">
      <Filter>Source Files</Filter>
    </ClCompile>
    <ClCompile Include="src\approot.cpp">
      <Filter>Source Files</Filter>
    </ClCompile>
    <ClCompile Include="src\dynamicicon.cpp">
      <Filter>Source Files</Filter>
    </ClCompile>
    <ClCompile Include="src\fancontrol.cpp">
      <Filter>Source Files</Filter>
    </ClCompile>
    <ClCompile Include="src\fanstuff.cpp">
      <Filter>Source Files</Filter>
    </ClCompile>
    <ClCompile Include="src\misc.cpp">
      <Filter>Source Files</Filter>
    </ClCompile>
    <ClCompile Include="src\portio.cpp">
      <Filter>Source Files</Filter>
    </ClCompile>
    <ClCompile Include="src\SystemTraySDK.cpp">
      <Filter>Source Files</Filter>
    </ClCompile>
    <ClCompile Include="src\winstuff.cpp">
      <Filter>Source Files</Filter>
    </ClCompile>
  </ItemGroup>
  <ItemGroup>
    <ClInclude Include="src\_prec.h">
      <Filter>Header Files</Filter>
    </ClInclude>
    <ClInclude Include="src\approot.h">
      <Filter>Header Files</Filter>
    </ClInclude>
    <ClInclude Include="src\dynamicicon.h">
      <Filter>Header Files</Filter>
    </ClInclude>
    <ClInclude Include="src\fancontrol.h">
      <Filter>Header Files</Filter>
    </ClInclude>
    <ClInclude Include="src\res\resource.h">
      <Filter>Header Files</Filter>
    </ClInclude>
    <ClInclude Include="src\SystemTraySDK.h">
      <Filter>Header Files</Filter>
    </ClInclude>
    <ClInclude Include="src\TaskbarTextIcon.h">
      <Filter>Header Files</Filter>
    </ClInclude>
    <ClInclude Include="src\tools.h">
      <Filter>Header Files</Filter>
    </ClInclude>
    <ClInclude Include="lib\TVicPort.h">
      <Filter>Header Files</Filter>
    </ClInclude>
    <ClInclude Include="src\winstuff.h">
      <Filter>Header Files</Filter>
    </ClInclude>
  </ItemGroup>
  <ItemGroup>
    <Image Include="src\res\app.ico">
      <Filter>Resource Files</Filter>
    </Image>
    <Image Include="src\res\blue.ico">
      <Filter>Resource Files</Filter>
    </Image>
    <Image Include="src\res\bw.ico">
      <Filter>Resource Files</Filter>
    </Image>
    <Image Include="src\res\ico21.ico">
      <Filter>Resource Files</Filter>
    </Image>
    <Image Include="src\res\ico22.ico">
      <Filter>Resource Files</Filter>
    </Image>
    <Image Include="src\res\ico23.ico">
      <Filter>Resource Files</Filter>
    </Image>
    <Image Include="src\res\ico24.ico">
      <Filter>Resource Files</Filter>
    </Image>
    <Image Include="src\res\ico25.ico">
      <Filter>Resource Files</Filter>
    </Image>
    <Image Include="src\res\orange.ico">
      <Filter>Resource Files</Filter>
    </Image>
    <Image Include="src\res\red.ico">
      <Filter>Resource Files</Filter>
    </Image>
    <Image Include="src\res\yellow.ico">
      <Filter>Resource Files</Filter>
    </Image>
  </ItemGroup>
  <ItemGroup>
    <ResourceCompile Include="src\res\fancontrol.rc">
      <Filter>Resource Files</Filter>
    </ResourceCompile>
  </ItemGroup>
  <ItemGroup>
    <None Include="src\res\resource" />
  </ItemGroup>
  <ItemGroup>
    <Library Include="lib\TVicPort.lib" />
  </ItemGroup>
  <ItemGroup>
    <Text Include="src\res\xp-manifest.txt" />
  </ItemGroup>
</Project>