<?xml version="1.0" encoding="utf-8"?>
<Project ToolsVersion="4.0" xmlns="http://schemas.microsoft.com/developer/msbuild/2003">
  <ItemGroup>
    <ClCompile Include="src\_prec.cpp">
      <Filter>Source Files</Filter>
    </ClCompile>
    <ClCompile Include="src\approot.cpp">
      <Filter>Source Files</Filter>
    </ClCompile>
    <ClCompile Include="src\dynamicicon.cpp">
      <Filter>Source Files</Filter>
    </ClCompile>
    <ClCompile Include="src\fancontrol.cpp">
      <Filter>Source Files</Filter>
    </ClCompile>
    <ClCompile Include="src\fanstuff.cpp">
      <Filter>Source Files</Filter>
    </ClCompile>
    <ClCompile Include="src\misc.cpp">
      <Filter>Source Files</Filter>
    </ClCompile>
    <ClCompile Include="src\portio.cpp">
      <Filter>Source Files</Filter>
    </ClCompile>
    <ClCompile Include="src\SystemTraySDK.cpp">
      <Filter>Source Files</Filter>
    </ClCompile>
    <ClCompile Include="src\winstuff.cpp">
      <Filter>Source Files</Filter>
    </ClCompile>
  </ItemGroup>
  <ItemGroup>
    <ClInclude Include="src\_prec.h">
      <Filter>Header Files</Filter>
    </ClInclude>
    <ClInclude Include="src\approot.h">
      <Filter>Header Files</Filter>
    </ClInclude>
    <ClInclude Include="src\dynamicicon.h">
      <Filter>Header Files</Filter>
    </ClInclude>
    <ClInclude Include="src\fancontrol.h">
      <Filter>Header Files</Filter>
    </ClInclude>
    <ClInclude Include="src\res\resource.h">
      <Filter>Resource Files</Filter>
    </ClInclude>
    <ClInclude Include="src\SystemTraySDK.h">
      <Filter>Header Files</Filter>
    </ClInclude>
    <ClInclude Include="src\TaskbarTextIcon.h">
      <Filter>Header Files</Filter>
    </ClInclude>
    <ClInclude Include="src\tools.h">
      <Filter>Header Files</Filter>
    </ClInclude>
    <ClInclude Include="lib\TVicPort.h">
      <Filter>Header Files</Filter>
    </ClInclude>
    <ClInclude Include="src\winstuff.h">
      <Filter>Header Files</Filter>
    </ClInclude>
  </ItemGroup>
  <ItemGroup>
    <Library Include="lib\TVicPort.lib" />
  </ItemGroup>
  <ItemGroup>
    <Image Include="src\res\app.ico">
      <Filter>Resource Files</Filter>
    </Image>
    <Image Include="src\res\blue.ico">
      <Filter>Resource Files</Filter>
    </Image>
    <Image Include="src\res\bw.ico">
      <Filter>Resource Files</Filter>
    </Image>
    <Image Include="src\res\ico21.ico">
      <Filter>Resource Files</Filter>
    </Image>
    <Image Include="src\res\ico22.ico">
      <Filter>Resource Files</Filter>
    </Image>
    <Image Include="src\res\ico23.ico">
      <Filter>Resource Files</Filter>
    </Image>
    <Image Include="src\res\ico24.ico">
      <Filter>Resource Files</Filter>
    </Image>
    <Image Include="src\res\ico25.ico">
      <Filter>Resource Files</Filter>
    </Image>
    <Image Include="src\res\orange.ico">
      <Filter>Resource Files</Filter>
    </Image>
    <Image Include="src\res\red.ico">
      <Filter>Resource Files</Filter>
    </Image>
    <Image Include="src\res\yellow.ico">
      <Filter>Resource Files</Filter>
    </Image>
  </ItemGroup>
  <ItemGroup>
    <None Include="TPFanControl.ini" />
    <None Include="src\res\resource">
      <Filter>Resource Files</Filter>
    </None>
  </ItemGroup>
  <ItemGroup>
    <Filter Include="Header Files">
      <UniqueIdentifier>{afda13e9-1c0a-42e0-9267-4e24516771c2}</UniqueIdentifier>
    </Filter>
    <Filter Include="Resource Files">
      <UniqueIdentifier>{28585288-25f1-4535-a95c-c2d62f90df01}</UniqueIdentifier>
    </Filter>
    <Filter Include="Source Files">
      <UniqueIdentifier>{af7ddb70-2e0c-4ffb-af4d-a271c0412496}</UniqueIdentifier>
    </Filter>
  </ItemGroup>
  <ItemGroup>
    <ResourceCompile Include="src\res\fancontrol.rc">
      <Filter>Resource Files</Filter>
    </ResourceCompile>
  </ItemGroup>
  <ItemGroup>
    <Text Include="res\xp-manifest.txt">
      <Filter>Resource Files</Filter>
    </Text>
  </ItemGroup>
</Project>